// !$*UTF8*$!
{
	archiveVersion = 1;
	classes = {
	};
	objectVersion = 46;
	objects = {

/* Begin PBXBuildFile section */
		F221F1EE173FCDB200A63B56 /* UIKit.framework in Frameworks */ = {isa = PBXBuildFile; fileRef = F221F1ED173FCDB200A63B56 /* UIKit.framework */; };
		F221F1F0173FCDB200A63B56 /* Foundation.framework in Frameworks */ = {isa = PBXBuildFile; fileRef = F221F1EF173FCDB200A63B56 /* Foundation.framework */; };
		F221F1F2173FCDB200A63B56 /* CoreGraphics.framework in Frameworks */ = {isa = PBXBuildFile; fileRef = F221F1F1173FCDB200A63B56 /* CoreGraphics.framework */; };
		F221F1F8173FCDB200A63B56 /* InfoPlist.strings in Resources */ = {isa = PBXBuildFile; fileRef = F221F1F6173FCDB200A63B56 /* InfoPlist.strings */; };
		F221F1FA173FCDB200A63B56 /* main.m in Sources */ = {isa = PBXBuildFile; fileRef = F221F1F9173FCDB200A63B56 /* main.m */; };
		F221F1FE173FCDB200A63B56 /* PIKAppDelegate.m in Sources */ = {isa = PBXBuildFile; fileRef = F221F1FD173FCDB200A63B56 /* PIKAppDelegate.m */; };
		F221F200173FCDB200A63B56 /* Default.png in Resources */ = {isa = PBXBuildFile; fileRef = F221F1FF173FCDB200A63B56 /* Default.png */; };
		F221F202173FCDB200A63B56 /* Default@2x.png in Resources */ = {isa = PBXBuildFile; fileRef = F221F201173FCDB200A63B56 /* Default@2x.png */; };
		F221F204173FCDB200A63B56 /* Default-568h@2x.png in Resources */ = {isa = PBXBuildFile; fileRef = F221F203173FCDB200A63B56 /* Default-568h@2x.png */; };
		F221F207173FCDB200A63B56 /* PIKViewController.m in Sources */ = {isa = PBXBuildFile; fileRef = F221F206173FCDB200A63B56 /* PIKViewController.m */; };
		F221F20A173FCDB200A63B56 /* PIKViewController_iPhone.xib in Resources */ = {isa = PBXBuildFile; fileRef = F221F208173FCDB200A63B56 /* PIKViewController_iPhone.xib */; };
		F221F20D173FCDB200A63B56 /* PIKViewController_iPad.xib in Resources */ = {isa = PBXBuildFile; fileRef = F221F20B173FCDB200A63B56 /* PIKViewController_iPad.xib */; };
		F221F214173FD08700A63B56 /* MapKit.framework in Frameworks */ = {isa = PBXBuildFile; fileRef = F221F213173FD08700A63B56 /* MapKit.framework */; };
		F221F219173FDAF600A63B56 /* PiratenkarteIcon57.png in Resources */ = {isa = PBXBuildFile; fileRef = F221F217173FDAF600A63B56 /* PiratenkarteIcon57.png */; };
		F221F21A173FDAF600A63B56 /* PiratenkarteIcon57@2x.png in Resources */ = {isa = PBXBuildFile; fileRef = F221F218173FDAF600A63B56 /* PiratenkarteIcon57@2x.png */; };
		F2ACB9181740334D0015E899 /* Api.pb.m in Sources */ = {isa = PBXBuildFile; fileRef = F2ACB9171740334D0015E899 /* Api.pb.m */; };
		F2ACB9D61740E9EB0015E899 /* AbstractMessage.m in Sources */ = {isa = PBXBuildFile; fileRef = F2ACB9A71740E9EB0015E899 /* AbstractMessage.m */; };
		F2ACB9D71740E9EB0015E899 /* AbstractMessage_Builder.m in Sources */ = {isa = PBXBuildFile; fileRef = F2ACB9A91740E9EB0015E899 /* AbstractMessage_Builder.m */; };
		F2ACB9D81740E9EB0015E899 /* CodedInputStream.m in Sources */ = {isa = PBXBuildFile; fileRef = F2ACB9AC1740E9EB0015E899 /* CodedInputStream.m */; };
		F2ACB9D91740E9EB0015E899 /* CodedOutputStream.m in Sources */ = {isa = PBXBuildFile; fileRef = F2ACB9AE1740E9EB0015E899 /* CodedOutputStream.m */; };
		F2ACB9DA1740E9EB0015E899 /* ConcreteExtensionField.m in Sources */ = {isa = PBXBuildFile; fileRef = F2ACB9B01740E9EB0015E899 /* ConcreteExtensionField.m */; };
		F2ACB9DB1740E9EB0015E899 /* Descriptor.pb.m in Sources */ = {isa = PBXBuildFile; fileRef = F2ACB9B21740E9EB0015E899 /* Descriptor.pb.m */; };
		F2ACB9DC1740E9EB0015E899 /* ExtendableMessage.m in Sources */ = {isa = PBXBuildFile; fileRef = F2ACB9B41740E9EB0015E899 /* ExtendableMessage.m */; };
		F2ACB9DD1740E9EB0015E899 /* ExtendableMessage_Builder.m in Sources */ = {isa = PBXBuildFile; fileRef = F2ACB9B61740E9EB0015E899 /* ExtendableMessage_Builder.m */; };
		F2ACB9DE1740E9EB0015E899 /* Field.m in Sources */ = {isa = PBXBuildFile; fileRef = F2ACB9B91740E9EB0015E899 /* Field.m */; };
		F2ACB9DF1740E9EB0015E899 /* GeneratedMessage_Builder.m in Sources */ = {isa = PBXBuildFile; fileRef = F2ACB9BC1740E9EB0015E899 /* GeneratedMessage_Builder.m */; };
		F2ACB9E01740E9EB0015E899 /* MutableField.m in Sources */ = {isa = PBXBuildFile; fileRef = F2ACB9C01740E9EB0015E899 /* MutableField.m */; };
		F2ACB9E11740E9EB0015E899 /* PBArray.m in Sources */ = {isa = PBXBuildFile; fileRef = F2ACB9C21740E9EB0015E899 /* PBArray.m */; };
		F2ACB9E21740E9EB0015E899 /* PBExtensionRegistry.m in Sources */ = {isa = PBXBuildFile; fileRef = F2ACB9C41740E9EB0015E899 /* PBExtensionRegistry.m */; };
		F2ACB9E31740E9EB0015E899 /* PBGeneratedMessage.m in Sources */ = {isa = PBXBuildFile; fileRef = F2ACB9C61740E9EB0015E899 /* PBGeneratedMessage.m */; };
		F2ACB9E41740E9EB0015E899 /* PBMutableExtensionRegistry.m in Sources */ = {isa = PBXBuildFile; fileRef = F2ACB9C81740E9EB0015E899 /* PBMutableExtensionRegistry.m */; };
		F2ACB9E51740E9EB0015E899 /* RingBuffer.m in Sources */ = {isa = PBXBuildFile; fileRef = F2ACB9CB1740E9EB0015E899 /* RingBuffer.m */; };
		F2ACB9E61740E9EB0015E899 /* TextFormat.m in Sources */ = {isa = PBXBuildFile; fileRef = F2ACB9CD1740E9EB0015E899 /* TextFormat.m */; };
		F2ACB9E71740E9EB0015E899 /* UnknownFieldSet.m in Sources */ = {isa = PBXBuildFile; fileRef = F2ACB9CF1740E9EB0015E899 /* UnknownFieldSet.m */; };
		F2ACB9E81740E9EB0015E899 /* UnknownFieldSet_Builder.m in Sources */ = {isa = PBXBuildFile; fileRef = F2ACB9D11740E9EB0015E899 /* UnknownFieldSet_Builder.m */; };
		F2ACB9E91740E9EB0015E899 /* Utilities.m in Sources */ = {isa = PBXBuildFile; fileRef = F2ACB9D31740E9EB0015E899 /* Utilities.m */; };
		F2ACB9EA1740E9EB0015E899 /* WireFormat.m in Sources */ = {isa = PBXBuildFile; fileRef = F2ACB9D51740E9EB0015E899 /* WireFormat.m */; };
/* End PBXBuildFile section */

/* Begin PBXFileReference section */
		F221F1EA173FCDB200A63B56 /* Piratenkarte.app */ = {isa = PBXFileReference; explicitFileType = wrapper.application; includeInIndex = 0; path = Piratenkarte.app; sourceTree = BUILT_PRODUCTS_DIR; };
		F221F1ED173FCDB200A63B56 /* UIKit.framework */ = {isa = PBXFileReference; lastKnownFileType = wrapper.framework; name = UIKit.framework; path = System/Library/Frameworks/UIKit.framework; sourceTree = SDKROOT; };
		F221F1EF173FCDB200A63B56 /* Foundation.framework */ = {isa = PBXFileReference; lastKnownFileType = wrapper.framework; name = Foundation.framework; path = System/Library/Frameworks/Foundation.framework; sourceTree = SDKROOT; };
		F221F1F1173FCDB200A63B56 /* CoreGraphics.framework */ = {isa = PBXFileReference; lastKnownFileType = wrapper.framework; name = CoreGraphics.framework; path = System/Library/Frameworks/CoreGraphics.framework; sourceTree = SDKROOT; };
		F221F1F5173FCDB200A63B56 /* Piratenkarte-Info.plist */ = {isa = PBXFileReference; lastKnownFileType = text.plist.xml; path = "Piratenkarte-Info.plist"; sourceTree = "<group>"; };
		F221F1F7173FCDB200A63B56 /* en */ = {isa = PBXFileReference; lastKnownFileType = text.plist.strings; name = en; path = en.lproj/InfoPlist.strings; sourceTree = "<group>"; };
		F221F1F9173FCDB200A63B56 /* main.m */ = {isa = PBXFileReference; lastKnownFileType = sourcecode.c.objc; path = main.m; sourceTree = "<group>"; };
		F221F1FB173FCDB200A63B56 /* Piratenkarte-Prefix.pch */ = {isa = PBXFileReference; lastKnownFileType = sourcecode.c.h; path = "Piratenkarte-Prefix.pch"; sourceTree = "<group>"; };
		F221F1FC173FCDB200A63B56 /* PIKAppDelegate.h */ = {isa = PBXFileReference; lastKnownFileType = sourcecode.c.h; path = PIKAppDelegate.h; sourceTree = "<group>"; };
		F221F1FD173FCDB200A63B56 /* PIKAppDelegate.m */ = {isa = PBXFileReference; lastKnownFileType = sourcecode.c.objc; path = PIKAppDelegate.m; sourceTree = "<group>"; };
		F221F1FF173FCDB200A63B56 /* Default.png */ = {isa = PBXFileReference; lastKnownFileType = image.png; path = Default.png; sourceTree = "<group>"; };
		F221F201173FCDB200A63B56 /* Default@2x.png */ = {isa = PBXFileReference; lastKnownFileType = image.png; path = "Default@2x.png"; sourceTree = "<group>"; };
		F221F203173FCDB200A63B56 /* Default-568h@2x.png */ = {isa = PBXFileReference; lastKnownFileType = image.png; path = "Default-568h@2x.png"; sourceTree = "<group>"; };
		F221F205173FCDB200A63B56 /* PIKViewController.h */ = {isa = PBXFileReference; lastKnownFileType = sourcecode.c.h; path = PIKViewController.h; sourceTree = "<group>"; };
		F221F206173FCDB200A63B56 /* PIKViewController.m */ = {isa = PBXFileReference; lastKnownFileType = sourcecode.c.objc; path = PIKViewController.m; sourceTree = "<group>"; };
		F221F209173FCDB200A63B56 /* en */ = {isa = PBXFileReference; lastKnownFileType = file.xib; name = en; path = en.lproj/PIKViewController_iPhone.xib; sourceTree = "<group>"; };
		F221F20C173FCDB200A63B56 /* en */ = {isa = PBXFileReference; lastKnownFileType = file.xib; name = en; path = en.lproj/PIKViewController_iPad.xib; sourceTree = "<group>"; };
		F221F213173FD08700A63B56 /* MapKit.framework */ = {isa = PBXFileReference; lastKnownFileType = wrapper.framework; name = MapKit.framework; path = System/Library/Frameworks/MapKit.framework; sourceTree = SDKROOT; };
		F221F217173FDAF600A63B56 /* PiratenkarteIcon57.png */ = {isa = PBXFileReference; lastKnownFileType = image.png; name = PiratenkarteIcon57.png; path = Images/Icon/PiratenkarteIcon57.png; sourceTree = "<group>"; };
		F221F218173FDAF600A63B56 /* PiratenkarteIcon57@2x.png */ = {isa = PBXFileReference; lastKnownFileType = image.png; name = "PiratenkarteIcon57@2x.png"; path = "Images/Icon/PiratenkarteIcon57@2x.png"; sourceTree = "<group>"; };
		F2ACB9161740334D0015E899 /* Api.pb.h */ = {isa = PBXFileReference; fileEncoding = 4; lastKnownFileType = sourcecode.c.h; path = Api.pb.h; sourceTree = "<group>"; };
		F2ACB9171740334D0015E899 /* Api.pb.m */ = {isa = PBXFileReference; fileEncoding = 4; lastKnownFileType = sourcecode.c.objc; path = Api.pb.m; sourceTree = "<group>"; };
		F2ACB9A61740E9EB0015E899 /* AbstractMessage.h */ = {isa = PBXFileReference; fileEncoding = 4; lastKnownFileType = sourcecode.c.h; path = AbstractMessage.h; sourceTree = "<group>"; };
		F2ACB9A71740E9EB0015E899 /* AbstractMessage.m */ = {isa = PBXFileReference; fileEncoding = 4; lastKnownFileType = sourcecode.c.objc; path = AbstractMessage.m; sourceTree = "<group>"; };
		F2ACB9A81740E9EB0015E899 /* AbstractMessage_Builder.h */ = {isa = PBXFileReference; fileEncoding = 4; lastKnownFileType = sourcecode.c.h; path = AbstractMessage_Builder.h; sourceTree = "<group>"; };
		F2ACB9A91740E9EB0015E899 /* AbstractMessage_Builder.m */ = {isa = PBXFileReference; fileEncoding = 4; lastKnownFileType = sourcecode.c.objc; path = AbstractMessage_Builder.m; sourceTree = "<group>"; };
		F2ACB9AA1740E9EB0015E899 /* Bootstrap.h */ = {isa = PBXFileReference; fileEncoding = 4; lastKnownFileType = sourcecode.c.h; path = Bootstrap.h; sourceTree = "<group>"; };
		F2ACB9AB1740E9EB0015E899 /* CodedInputStream.h */ = {isa = PBXFileReference; fileEncoding = 4; lastKnownFileType = sourcecode.c.h; path = CodedInputStream.h; sourceTree = "<group>"; };
		F2ACB9AC1740E9EB0015E899 /* CodedInputStream.m */ = {isa = PBXFileReference; fileEncoding = 4; lastKnownFileType = sourcecode.c.objc; path = CodedInputStream.m; sourceTree = "<group>"; };
		F2ACB9AD1740E9EB0015E899 /* CodedOutputStream.h */ = {isa = PBXFileReference; fileEncoding = 4; lastKnownFileType = sourcecode.c.h; path = CodedOutputStream.h; sourceTree = "<group>"; };
		F2ACB9AE1740E9EB0015E899 /* CodedOutputStream.m */ = {isa = PBXFileReference; fileEncoding = 4; lastKnownFileType = sourcecode.c.objc; path = CodedOutputStream.m; sourceTree = "<group>"; };
		F2ACB9AF1740E9EB0015E899 /* ConcreteExtensionField.h */ = {isa = PBXFileReference; fileEncoding = 4; lastKnownFileType = sourcecode.c.h; path = ConcreteExtensionField.h; sourceTree = "<group>"; };
		F2ACB9B01740E9EB0015E899 /* ConcreteExtensionField.m */ = {isa = PBXFileReference; fileEncoding = 4; lastKnownFileType = sourcecode.c.objc; path = ConcreteExtensionField.m; sourceTree = "<group>"; };
		F2ACB9B11740E9EB0015E899 /* Descriptor.pb.h */ = {isa = PBXFileReference; fileEncoding = 4; lastKnownFileType = sourcecode.c.h; path = Descriptor.pb.h; sourceTree = "<group>"; };
		F2ACB9B21740E9EB0015E899 /* Descriptor.pb.m */ = {isa = PBXFileReference; fileEncoding = 4; lastKnownFileType = sourcecode.c.objc; path = Descriptor.pb.m; sourceTree = "<group>"; };
		F2ACB9B31740E9EB0015E899 /* ExtendableMessage.h */ = {isa = PBXFileReference; fileEncoding = 4; lastKnownFileType = sourcecode.c.h; path = ExtendableMessage.h; sourceTree = "<group>"; };
		F2ACB9B41740E9EB0015E899 /* ExtendableMessage.m */ = {isa = PBXFileReference; fileEncoding = 4; lastKnownFileType = sourcecode.c.objc; path = ExtendableMessage.m; sourceTree = "<group>"; };
		F2ACB9B51740E9EB0015E899 /* ExtendableMessage_Builder.h */ = {isa = PBXFileReference; fileEncoding = 4; lastKnownFileType = sourcecode.c.h; path = ExtendableMessage_Builder.h; sourceTree = "<group>"; };
		F2ACB9B61740E9EB0015E899 /* ExtendableMessage_Builder.m */ = {isa = PBXFileReference; fileEncoding = 4; lastKnownFileType = sourcecode.c.objc; path = ExtendableMessage_Builder.m; sourceTree = "<group>"; };
		F2ACB9B71740E9EB0015E899 /* ExtensionField.h */ = {isa = PBXFileReference; fileEncoding = 4; lastKnownFileType = sourcecode.c.h; path = ExtensionField.h; sourceTree = "<group>"; };
		F2ACB9B81740E9EB0015E899 /* Field.h */ = {isa = PBXFileReference; fileEncoding = 4; lastKnownFileType = sourcecode.c.h; path = Field.h; sourceTree = "<group>"; };
		F2ACB9B91740E9EB0015E899 /* Field.m */ = {isa = PBXFileReference; fileEncoding = 4; lastKnownFileType = sourcecode.c.objc; path = Field.m; sourceTree = "<group>"; };
		F2ACB9BA1740E9EB0015E899 /* ForwardDeclarations.h */ = {isa = PBXFileReference; fileEncoding = 4; lastKnownFileType = sourcecode.c.h; path = ForwardDeclarations.h; sourceTree = "<group>"; };
		F2ACB9BB1740E9EB0015E899 /* GeneratedMessage_Builder.h */ = {isa = PBXFileReference; fileEncoding = 4; lastKnownFileType = sourcecode.c.h; path = GeneratedMessage_Builder.h; sourceTree = "<group>"; };
		F2ACB9BC1740E9EB0015E899 /* GeneratedMessage_Builder.m */ = {isa = PBXFileReference; fileEncoding = 4; lastKnownFileType = sourcecode.c.objc; path = GeneratedMessage_Builder.m; sourceTree = "<group>"; };
		F2ACB9BD1740E9EB0015E899 /* Message.h */ = {isa = PBXFileReference; fileEncoding = 4; lastKnownFileType = sourcecode.c.h; path = Message.h; sourceTree = "<group>"; };
		F2ACB9BE1740E9EB0015E899 /* Message_Builder.h */ = {isa = PBXFileReference; fileEncoding = 4; lastKnownFileType = sourcecode.c.h; path = Message_Builder.h; sourceTree = "<group>"; };
		F2ACB9BF1740E9EB0015E899 /* MutableField.h */ = {isa = PBXFileReference; fileEncoding = 4; lastKnownFileType = sourcecode.c.h; path = MutableField.h; sourceTree = "<group>"; };
		F2ACB9C01740E9EB0015E899 /* MutableField.m */ = {isa = PBXFileReference; fileEncoding = 4; lastKnownFileType = sourcecode.c.objc; path = MutableField.m; sourceTree = "<group>"; };
		F2ACB9C11740E9EB0015E899 /* PBArray.h */ = {isa = PBXFileReference; fileEncoding = 4; lastKnownFileType = sourcecode.c.h; path = PBArray.h; sourceTree = "<group>"; };
		F2ACB9C21740E9EB0015E899 /* PBArray.m */ = {isa = PBXFileReference; fileEncoding = 4; lastKnownFileType = sourcecode.c.objc; path = PBArray.m; sourceTree = "<group>"; };
		F2ACB9C31740E9EB0015E899 /* PBExtensionRegistry.h */ = {isa = PBXFileReference; fileEncoding = 4; lastKnownFileType = sourcecode.c.h; path = PBExtensionRegistry.h; sourceTree = "<group>"; };
		F2ACB9C41740E9EB0015E899 /* PBExtensionRegistry.m */ = {isa = PBXFileReference; fileEncoding = 4; lastKnownFileType = sourcecode.c.objc; path = PBExtensionRegistry.m; sourceTree = "<group>"; };
		F2ACB9C51740E9EB0015E899 /* PBGeneratedMessage.h */ = {isa = PBXFileReference; fileEncoding = 4; lastKnownFileType = sourcecode.c.h; path = PBGeneratedMessage.h; sourceTree = "<group>"; };
		F2ACB9C61740E9EB0015E899 /* PBGeneratedMessage.m */ = {isa = PBXFileReference; fileEncoding = 4; lastKnownFileType = sourcecode.c.objc; path = PBGeneratedMessage.m; sourceTree = "<group>"; };
		F2ACB9C71740E9EB0015E899 /* PBMutableExtensionRegistry.h */ = {isa = PBXFileReference; fileEncoding = 4; lastKnownFileType = sourcecode.c.h; path = PBMutableExtensionRegistry.h; sourceTree = "<group>"; };
		F2ACB9C81740E9EB0015E899 /* PBMutableExtensionRegistry.m */ = {isa = PBXFileReference; fileEncoding = 4; lastKnownFileType = sourcecode.c.objc; path = PBMutableExtensionRegistry.m; sourceTree = "<group>"; };
		F2ACB9C91740E9EB0015E899 /* ProtocolBuffers.h */ = {isa = PBXFileReference; fileEncoding = 4; lastKnownFileType = sourcecode.c.h; path = ProtocolBuffers.h; sourceTree = "<group>"; };
		F2ACB9CA1740E9EB0015E899 /* RingBuffer.h */ = {isa = PBXFileReference; fileEncoding = 4; lastKnownFileType = sourcecode.c.h; path = RingBuffer.h; sourceTree = "<group>"; };
		F2ACB9CB1740E9EB0015E899 /* RingBuffer.m */ = {isa = PBXFileReference; fileEncoding = 4; lastKnownFileType = sourcecode.c.objc; path = RingBuffer.m; sourceTree = "<group>"; };
		F2ACB9CC1740E9EB0015E899 /* TextFormat.h */ = {isa = PBXFileReference; fileEncoding = 4; lastKnownFileType = sourcecode.c.h; path = TextFormat.h; sourceTree = "<group>"; };
		F2ACB9CD1740E9EB0015E899 /* TextFormat.m */ = {isa = PBXFileReference; fileEncoding = 4; lastKnownFileType = sourcecode.c.objc; path = TextFormat.m; sourceTree = "<group>"; };
		F2ACB9CE1740E9EB0015E899 /* UnknownFieldSet.h */ = {isa = PBXFileReference; fileEncoding = 4; lastKnownFileType = sourcecode.c.h; path = UnknownFieldSet.h; sourceTree = "<group>"; };
		F2ACB9CF1740E9EB0015E899 /* UnknownFieldSet.m */ = {isa = PBXFileReference; fileEncoding = 4; lastKnownFileType = sourcecode.c.objc; path = UnknownFieldSet.m; sourceTree = "<group>"; };
		F2ACB9D01740E9EB0015E899 /* UnknownFieldSet_Builder.h */ = {isa = PBXFileReference; fileEncoding = 4; lastKnownFileType = sourcecode.c.h; path = UnknownFieldSet_Builder.h; sourceTree = "<group>"; };
		F2ACB9D11740E9EB0015E899 /* UnknownFieldSet_Builder.m */ = {isa = PBXFileReference; fileEncoding = 4; lastKnownFileType = sourcecode.c.objc; path = UnknownFieldSet_Builder.m; sourceTree = "<group>"; };
		F2ACB9D21740E9EB0015E899 /* Utilities.h */ = {isa = PBXFileReference; fileEncoding = 4; lastKnownFileType = sourcecode.c.h; path = Utilities.h; sourceTree = "<group>"; };
		F2ACB9D31740E9EB0015E899 /* Utilities.m */ = {isa = PBXFileReference; fileEncoding = 4; lastKnownFileType = sourcecode.c.objc; path = Utilities.m; sourceTree = "<group>"; };
		F2ACB9D41740E9EB0015E899 /* WireFormat.h */ = {isa = PBXFileReference; fileEncoding = 4; lastKnownFileType = sourcecode.c.h; path = WireFormat.h; sourceTree = "<group>"; };
		F2ACB9D51740E9EB0015E899 /* WireFormat.m */ = {isa = PBXFileReference; fileEncoding = 4; lastKnownFileType = sourcecode.c.objc; path = WireFormat.m; sourceTree = "<group>"; };
/* End PBXFileReference section */

/* Begin PBXFrameworksBuildPhase section */
		F221F1E7173FCDB200A63B56 /* Frameworks */ = {
			isa = PBXFrameworksBuildPhase;
			buildActionMask = 2147483647;
			files = (
				F221F214173FD08700A63B56 /* MapKit.framework in Frameworks */,
				F221F1EE173FCDB200A63B56 /* UIKit.framework in Frameworks */,
				F221F1F0173FCDB200A63B56 /* Foundation.framework in Frameworks */,
				F221F1F2173FCDB200A63B56 /* CoreGraphics.framework in Frameworks */,
			);
			runOnlyForDeploymentPostprocessing = 0;
		};
/* End PBXFrameworksBuildPhase section */

/* Begin PBXGroup section */
		F221F1E1173FCDB200A63B56 = {
			isa = PBXGroup;
			children = (
				F221F1F3173FCDB200A63B56 /* Piratenkarte */,
				F221F1EC173FCDB200A63B56 /* Frameworks */,
				F221F1EB173FCDB200A63B56 /* Products */,
			);
			sourceTree = "<group>";
		};
		F221F1EB173FCDB200A63B56 /* Products */ = {
			isa = PBXGroup;
			children = (
				F221F1EA173FCDB200A63B56 /* Piratenkarte.app */,
			);
			name = Products;
			sourceTree = "<group>";
		};
		F221F1EC173FCDB200A63B56 /* Frameworks */ = {
			isa = PBXGroup;
			children = (
				F221F213173FD08700A63B56 /* MapKit.framework */,
				F221F1ED173FCDB200A63B56 /* UIKit.framework */,
				F221F1EF173FCDB200A63B56 /* Foundation.framework */,
				F221F1F1173FCDB200A63B56 /* CoreGraphics.framework */,
			);
			name = Frameworks;
			sourceTree = "<group>";
		};
		F221F1F3173FCDB200A63B56 /* Piratenkarte */ = {
			isa = PBXGroup;
			children = (
				F2ACB82917402FCC0015E899 /* protobuf */,
				F221F1FC173FCDB200A63B56 /* PIKAppDelegate.h */,
				F221F1FD173FCDB200A63B56 /* PIKAppDelegate.m */,
				F221F205173FCDB200A63B56 /* PIKViewController.h */,
				F221F206173FCDB200A63B56 /* PIKViewController.m */,
				F221F208173FCDB200A63B56 /* PIKViewController_iPhone.xib */,
				F221F20B173FCDB200A63B56 /* PIKViewController_iPad.xib */,
				F221F215173FDAD700A63B56 /* Images */,
				F221F1F4173FCDB200A63B56 /* Supporting Files */,
			);
			path = Piratenkarte;
			sourceTree = "<group>";
		};
		F221F1F4173FCDB200A63B56 /* Supporting Files */ = {
			isa = PBXGroup;
			children = (
				F221F1F5173FCDB200A63B56 /* Piratenkarte-Info.plist */,
				F221F1F6173FCDB200A63B56 /* InfoPlist.strings */,
				F221F1F9173FCDB200A63B56 /* main.m */,
				F221F1FB173FCDB200A63B56 /* Piratenkarte-Prefix.pch */,
				F221F1FF173FCDB200A63B56 /* Default.png */,
				F221F201173FCDB200A63B56 /* Default@2x.png */,
				F221F203173FCDB200A63B56 /* Default-568h@2x.png */,
			);
			name = "Supporting Files";
			sourceTree = "<group>";
		};
		F221F215173FDAD700A63B56 /* Images */ = {
			isa = PBXGroup;
			children = (
				F221F216173FDAE900A63B56 /* AppIcon */,
			);
			name = Images;
			sourceTree = "<group>";
		};
		F221F216173FDAE900A63B56 /* AppIcon */ = {
			isa = PBXGroup;
			children = (
				F221F217173FDAF600A63B56 /* PiratenkarteIcon57.png */,
				F221F218173FDAF600A63B56 /* PiratenkarteIcon57@2x.png */,
			);
			name = AppIcon;
			sourceTree = "<group>";
		};
		F2ACB82917402FCC0015E899 /* protobuf */ = {
			isa = PBXGroup;
			children = (
				F2ACB9A51740E9EB0015E899 /* ProtocolBuffers */,
				F2ACB9151740334D0015E899 /* objc */,
			);
			name = protobuf;
			sourceTree = "<group>";
		};
		F2ACB9151740334D0015E899 /* objc */ = {
			isa = PBXGroup;
			children = (
				F2ACB9161740334D0015E899 /* Api.pb.h */,
				F2ACB9171740334D0015E899 /* Api.pb.m */,
			);
			name = objc;
			path = protobuf/objc;
			sourceTree = "<group>";
		};
		F2ACB9A51740E9EB0015E899 /* ProtocolBuffers */ = {
			isa = PBXGroup;
			children = (
				F2ACB9A61740E9EB0015E899 /* AbstractMessage.h */,
				F2ACB9A71740E9EB0015E899 /* AbstractMessage.m */,
				F2ACB9A81740E9EB0015E899 /* AbstractMessage_Builder.h */,
				F2ACB9A91740E9EB0015E899 /* AbstractMessage_Builder.m */,
				F2ACB9AA1740E9EB0015E899 /* Bootstrap.h */,
				F2ACB9AB1740E9EB0015E899 /* CodedInputStream.h */,
				F2ACB9AC1740E9EB0015E899 /* CodedInputStream.m */,
				F2ACB9AD1740E9EB0015E899 /* CodedOutputStream.h */,
				F2ACB9AE1740E9EB0015E899 /* CodedOutputStream.m */,
				F2ACB9AF1740E9EB0015E899 /* ConcreteExtensionField.h */,
				F2ACB9B01740E9EB0015E899 /* ConcreteExtensionField.m */,
				F2ACB9B11740E9EB0015E899 /* Descriptor.pb.h */,
				F2ACB9B21740E9EB0015E899 /* Descriptor.pb.m */,
				F2ACB9B31740E9EB0015E899 /* ExtendableMessage.h */,
				F2ACB9B41740E9EB0015E899 /* ExtendableMessage.m */,
				F2ACB9B51740E9EB0015E899 /* ExtendableMessage_Builder.h */,
				F2ACB9B61740E9EB0015E899 /* ExtendableMessage_Builder.m */,
				F2ACB9B71740E9EB0015E899 /* ExtensionField.h */,
				F2ACB9B81740E9EB0015E899 /* Field.h */,
				F2ACB9B91740E9EB0015E899 /* Field.m */,
				F2ACB9BA1740E9EB0015E899 /* ForwardDeclarations.h */,
				F2ACB9BB1740E9EB0015E899 /* GeneratedMessage_Builder.h */,
				F2ACB9BC1740E9EB0015E899 /* GeneratedMessage_Builder.m */,
				F2ACB9BD1740E9EB0015E899 /* Message.h */,
				F2ACB9BE1740E9EB0015E899 /* Message_Builder.h */,
				F2ACB9BF1740E9EB0015E899 /* MutableField.h */,
				F2ACB9C01740E9EB0015E899 /* MutableField.m */,
				F2ACB9C11740E9EB0015E899 /* PBArray.h */,
				F2ACB9C21740E9EB0015E899 /* PBArray.m */,
				F2ACB9C31740E9EB0015E899 /* PBExtensionRegistry.h */,
				F2ACB9C41740E9EB0015E899 /* PBExtensionRegistry.m */,
				F2ACB9C51740E9EB0015E899 /* PBGeneratedMessage.h */,
				F2ACB9C61740E9EB0015E899 /* PBGeneratedMessage.m */,
				F2ACB9C71740E9EB0015E899 /* PBMutableExtensionRegistry.h */,
				F2ACB9C81740E9EB0015E899 /* PBMutableExtensionRegistry.m */,
				F2ACB9C91740E9EB0015E899 /* ProtocolBuffers.h */,
				F2ACB9CA1740E9EB0015E899 /* RingBuffer.h */,
				F2ACB9CB1740E9EB0015E899 /* RingBuffer.m */,
				F2ACB9CC1740E9EB0015E899 /* TextFormat.h */,
				F2ACB9CD1740E9EB0015E899 /* TextFormat.m */,
				F2ACB9CE1740E9EB0015E899 /* UnknownFieldSet.h */,
				F2ACB9CF1740E9EB0015E899 /* UnknownFieldSet.m */,
				F2ACB9D01740E9EB0015E899 /* UnknownFieldSet_Builder.h */,
				F2ACB9D11740E9EB0015E899 /* UnknownFieldSet_Builder.m */,
				F2ACB9D21740E9EB0015E899 /* Utilities.h */,
				F2ACB9D31740E9EB0015E899 /* Utilities.m */,
				F2ACB9D41740E9EB0015E899 /* WireFormat.h */,
				F2ACB9D51740E9EB0015E899 /* WireFormat.m */,
			);
			name = ProtocolBuffers;
			path = protobuf/ProtocolBuffers;
			sourceTree = "<group>";
		};
/* End PBXGroup section */

/* Begin PBXNativeTarget section */
		F221F1E9173FCDB200A63B56 /* Piratenkarte */ = {
			isa = PBXNativeTarget;
			buildConfigurationList = F221F210173FCDB200A63B56 /* Build configuration list for PBXNativeTarget "Piratenkarte" */;
			buildPhases = (
				F221F1E6173FCDB200A63B56 /* Sources */,
				F221F1E7173FCDB200A63B56 /* Frameworks */,
				F221F1E8173FCDB200A63B56 /* Resources */,
			);
			buildRules = (
			);
			dependencies = (
			);
			name = Piratenkarte;
			productName = Piratenkarte;
			productReference = F221F1EA173FCDB200A63B56 /* Piratenkarte.app */;
			productType = "com.apple.product-type.application";
		};
/* End PBXNativeTarget section */

/* Begin PBXProject section */
		F221F1E2173FCDB200A63B56 /* Project object */ = {
			isa = PBXProject;
			attributes = {
				CLASSPREFIX = PIK;
				LastUpgradeCheck = 0460;
				ORGANIZATIONNAME = "Dominik Wagner";
			};
			buildConfigurationList = F221F1E5173FCDB200A63B56 /* Build configuration list for PBXProject "Piratenkarte" */;
			compatibilityVersion = "Xcode 3.2";
			developmentRegion = English;
			hasScannedForEncodings = 0;
			knownRegions = (
				en,
			);
			mainGroup = F221F1E1173FCDB200A63B56;
			productRefGroup = F221F1EB173FCDB200A63B56 /* Products */;
			projectDirPath = "";
			projectRoot = "";
			targets = (
				F221F1E9173FCDB200A63B56 /* Piratenkarte */,
			);
		};
/* End PBXProject section */

/* Begin PBXResourcesBuildPhase section */
		F221F1E8173FCDB200A63B56 /* Resources */ = {
			isa = PBXResourcesBuildPhase;
			buildActionMask = 2147483647;
			files = (
				F221F1F8173FCDB200A63B56 /* InfoPlist.strings in Resources */,
				F221F200173FCDB200A63B56 /* Default.png in Resources */,
				F221F202173FCDB200A63B56 /* Default@2x.png in Resources */,
				F221F204173FCDB200A63B56 /* Default-568h@2x.png in Resources */,
				F221F20A173FCDB200A63B56 /* PIKViewController_iPhone.xib in Resources */,
				F221F20D173FCDB200A63B56 /* PIKViewController_iPad.xib in Resources */,
				F221F219173FDAF600A63B56 /* PiratenkarteIcon57.png in Resources */,
				F221F21A173FDAF600A63B56 /* PiratenkarteIcon57@2x.png in Resources */,
			);
			runOnlyForDeploymentPostprocessing = 0;
		};
/* End PBXResourcesBuildPhase section */

/* Begin PBXSourcesBuildPhase section */
		F221F1E6173FCDB200A63B56 /* Sources */ = {
			isa = PBXSourcesBuildPhase;
			buildActionMask = 2147483647;
			files = (
				F221F1FA173FCDB200A63B56 /* main.m in Sources */,
				F221F1FE173FCDB200A63B56 /* PIKAppDelegate.m in Sources */,
				F221F207173FCDB200A63B56 /* PIKViewController.m in Sources */,
				F2ACB9181740334D0015E899 /* Api.pb.m in Sources */,
				F2ACB9D61740E9EB0015E899 /* AbstractMessage.m in Sources */,
				F2ACB9D71740E9EB0015E899 /* AbstractMessage_Builder.m in Sources */,
				F2ACB9D81740E9EB0015E899 /* CodedInputStream.m in Sources */,
				F2ACB9D91740E9EB0015E899 /* CodedOutputStream.m in Sources */,
				F2ACB9DA1740E9EB0015E899 /* ConcreteExtensionField.m in Sources */,
				F2ACB9DB1740E9EB0015E899 /* Descriptor.pb.m in Sources */,
				F2ACB9DC1740E9EB0015E899 /* ExtendableMessage.m in Sources */,
				F2ACB9DD1740E9EB0015E899 /* ExtendableMessage_Builder.m in Sources */,
				F2ACB9DE1740E9EB0015E899 /* Field.m in Sources */,
				F2ACB9DF1740E9EB0015E899 /* GeneratedMessage_Builder.m in Sources */,
				F2ACB9E01740E9EB0015E899 /* MutableField.m in Sources */,
				F2ACB9E11740E9EB0015E899 /* PBArray.m in Sources */,
				F2ACB9E21740E9EB0015E899 /* PBExtensionRegistry.m in Sources */,
				F2ACB9E31740E9EB0015E899 /* PBGeneratedMessage.m in Sources */,
				F2ACB9E41740E9EB0015E899 /* PBMutableExtensionRegistry.m in Sources */,
				F2ACB9E51740E9EB0015E899 /* RingBuffer.m in Sources */,
				F2ACB9E61740E9EB0015E899 /* TextFormat.m in Sources */,
				F2ACB9E71740E9EB0015E899 /* UnknownFieldSet.m in Sources */,
				F2ACB9E81740E9EB0015E899 /* UnknownFieldSet_Builder.m in Sources */,
				F2ACB9E91740E9EB0015E899 /* Utilities.m in Sources */,
				F2ACB9EA1740E9EB0015E899 /* WireFormat.m in Sources */,
			);
			runOnlyForDeploymentPostprocessing = 0;
		};
/* End PBXSourcesBuildPhase section */

/* Begin PBXVariantGroup section */
		F221F1F6173FCDB200A63B56 /* InfoPlist.strings */ = {
			isa = PBXVariantGroup;
			children = (
				F221F1F7173FCDB200A63B56 /* en */,
			);
			name = InfoPlist.strings;
			sourceTree = "<group>";
		};
		F221F208173FCDB200A63B56 /* PIKViewController_iPhone.xib */ = {
			isa = PBXVariantGroup;
			children = (
				F221F209173FCDB200A63B56 /* en */,
			);
			name = PIKViewController_iPhone.xib;
			sourceTree = "<group>";
		};
		F221F20B173FCDB200A63B56 /* PIKViewController_iPad.xib */ = {
			isa = PBXVariantGroup;
			children = (
				F221F20C173FCDB200A63B56 /* en */,
			);
			name = PIKViewController_iPad.xib;
			sourceTree = "<group>";
		};
/* End PBXVariantGroup section */

/* Begin XCBuildConfiguration section */
		F221F20E173FCDB200A63B56 /* Debug */ = {
			isa = XCBuildConfiguration;
			buildSettings = {
				ALWAYS_SEARCH_USER_PATHS = NO;
				CLANG_CXX_LANGUAGE_STANDARD = "gnu++0x";
				CLANG_CXX_LIBRARY = "libc++";
				CLANG_ENABLE_OBJC_ARC = YES;
				CLANG_WARN_CONSTANT_CONVERSION = YES;
				CLANG_WARN_EMPTY_BODY = YES;
				CLANG_WARN_ENUM_CONVERSION = YES;
				CLANG_WARN_INT_CONVERSION = YES;
				CLANG_WARN__DUPLICATE_METHOD_MATCH = YES;
				"CODE_SIGN_IDENTITY[sdk=iphoneos*]" = "iPhone Developer";
				COPY_PHASE_STRIP = NO;
				GCC_C_LANGUAGE_STANDARD = gnu99;
				GCC_DYNAMIC_NO_PIC = NO;
				GCC_OPTIMIZATION_LEVEL = 0;
				GCC_PREPROCESSOR_DEFINITIONS = (
					"DEBUG=1",
					"$(inherited)",
				);
				GCC_SYMBOLS_PRIVATE_EXTERN = NO;
				GCC_WARN_ABOUT_RETURN_TYPE = YES;
				GCC_WARN_UNINITIALIZED_AUTOS = YES;
				GCC_WARN_UNUSED_VARIABLE = YES;
				IPHONEOS_DEPLOYMENT_TARGET = 6.1;
				ONLY_ACTIVE_ARCH = YES;
				SDKROOT = iphoneos;
				TARGETED_DEVICE_FAMILY = "1,2";
			};
			name = Debug;
		};
		F221F20F173FCDB200A63B56 /* Release */ = {
			isa = XCBuildConfiguration;
			buildSettings = {
				ALWAYS_SEARCH_USER_PATHS = NO;
				CLANG_CXX_LANGUAGE_STANDARD = "gnu++0x";
				CLANG_CXX_LIBRARY = "libc++";
				CLANG_ENABLE_OBJC_ARC = YES;
				CLANG_WARN_CONSTANT_CONVERSION = YES;
				CLANG_WARN_EMPTY_BODY = YES;
				CLANG_WARN_ENUM_CONVERSION = YES;
				CLANG_WARN_INT_CONVERSION = YES;
				CLANG_WARN__DUPLICATE_METHOD_MATCH = YES;
				"CODE_SIGN_IDENTITY[sdk=iphoneos*]" = "iPhone Developer";
				COPY_PHASE_STRIP = YES;
				GCC_C_LANGUAGE_STANDARD = gnu99;
				GCC_WARN_ABOUT_RETURN_TYPE = YES;
				GCC_WARN_UNINITIALIZED_AUTOS = YES;
				GCC_WARN_UNUSED_VARIABLE = YES;
				IPHONEOS_DEPLOYMENT_TARGET = 6.1;
				OTHER_CFLAGS = "-DNS_BLOCK_ASSERTIONS=1";
				SDKROOT = iphoneos;
				TARGETED_DEVICE_FAMILY = "1,2";
				VALIDATE_PRODUCT = YES;
			};
			name = Release;
		};
		F221F211173FCDB200A63B56 /* Debug */ = {
			isa = XCBuildConfiguration;
			buildSettings = {
				GCC_PRECOMPILE_PREFIX_HEADER = YES;
				GCC_PREFIX_HEADER = "Piratenkarte/Piratenkarte-Prefix.pch";
				INFOPLIST_FILE = "Piratenkarte/Piratenkarte-Info.plist";
				LIBRARY_SEARCH_PATHS = "$(inherited)";
				PRODUCT_NAME = "$(TARGET_NAME)";
				WRAPPER_EXTENSION = app;
			};
			name = Debug;
		};
		F221F212173FCDB200A63B56 /* Release */ = {
			isa = XCBuildConfiguration;
			buildSettings = {
				GCC_PRECOMPILE_PREFIX_HEADER = YES;
				GCC_PREFIX_HEADER = "Piratenkarte/Piratenkarte-Prefix.pch";
				INFOPLIST_FILE = "Piratenkarte/Piratenkarte-Info.plist";
				LIBRARY_SEARCH_PATHS = "$(inherited)";
				PRODUCT_NAME = "$(TARGET_NAME)";
				WRAPPER_EXTENSION = app;
			};
			name = Release;
		};
/* End XCBuildConfiguration section */

/* Begin XCConfigurationList section */
		F221F1E5173FCDB200A63B56 /* Build configuration list for PBXProject "Piratenkarte" */ = {
			isa = XCConfigurationList;
			buildConfigurations = (
				F221F20E173FCDB200A63B56 /* Debug */,
				F221F20F173FCDB200A63B56 /* Release */,
			);
			defaultConfigurationIsVisible = 0;
			defaultConfigurationName = Release;
		};
		F221F210173FCDB200A63B56 /* Build configuration list for PBXNativeTarget "Piratenkarte" */ = {
			isa = XCConfigurationList;
			buildConfigurations = (
				F221F211173FCDB200A63B56 /* Debug */,
				F221F212173FCDB200A63B56 /* Release */,
			);
			defaultConfigurationIsVisible = 0;
			defaultConfigurationName = Release;
		};
/* End XCConfigurationList section */
	};
	rootObject = F221F1E2173FCDB200A63B56 /* Project object */;
}
